
Microsoft Visual Studio Solution File, Format Version 12.00
# Visual Studio Version 17
VisualStudioVersion = 17.3.32922.545
MinimumVisualStudioVersion = 10.0.40219.1
Project("{FAE04EC0-301F-11D3-BF4B-00C04F79EFBC}") = "Game_Of_Life", "Game_Of_Life\Game_Of_Life.csproj", "{40E74468-66EB-4E82-9464-E272BF8001E0}"
EndProject
Global
	GlobalSection(SolutionConfigurationPlatforms) = preSolution
		Debug|Any CPU = Debug|Any CPU
		Release|Any CPU = Release|Any CPU
	EndGlobalSection
	GlobalSection(ProjectConfigurationPlatforms) = postSolution
		{40E74468-66EB-4E82-9464-E272BF8001E0}.Debug|Any CPU.ActiveCfg = Debug|Any CPU
		{40E74468-66EB-4E82-9464-E272BF8001E0}.Debug|Any CPU.Build.0 = Debug|Any CPU
		{40E74468-66EB-4E82-9464-E272BF8001E0}.Release|Any CPU.ActiveCfg = Release|Any CPU
		{40E74468-66EB-4E82-9464-E272BF8001E0}.Release|Any CPU.Build.0 = Release|Any CPU
	EndGlobalSection
	GlobalSection(SolutionProperties) = preSolution
		HideSolutionNode = FALSE
	EndGlobalSection
	GlobalSection(ExtensibilityGlobals) = postSolution
		SolutionGuid = {508E79CF-4903-4DC6-9234-BA0F9EF9C65E}
	EndGlobalSection
EndGlobal
